
Microsoft Visual Studio Solution File, Format Version 12.00
# Visual Studio 2013
VisualStudioVersion = 12.0.30723.0
MinimumVisualStudioVersion = 10.0.40219.1
Project("{FAE04EC0-301F-11D3-BF4B-00C04F79EFBC}") = "ErrorHedging", "ErrorHedging\ErrorHedging.csproj", "{3FDFCDEC-4F78-4D92-80DE-5D1766E9E937}"
EndProject
Project("{FAE04EC0-301F-11D3-BF4B-00C04F79EFBC}") = "HedgingTest", "HedgingTest\HedgingTest.csproj", "{80B43836-8CBA-448D-AD01-E105B0302AF4}"
EndProject
Global
	GlobalSection(SolutionConfigurationPlatforms) = preSolution
		Debug|Any CPU = Debug|Any CPU
		Release|Any CPU = Release|Any CPU
	EndGlobalSection
	GlobalSection(ProjectConfigurationPlatforms) = postSolution
		{3FDFCDEC-4F78-4D92-80DE-5D1766E9E937}.Debug|Any CPU.ActiveCfg = Debug|Any CPU
		{3FDFCDEC-4F78-4D92-80DE-5D1766E9E937}.Debug|Any CPU.Build.0 = Debug|Any CPU
		{3FDFCDEC-4F78-4D92-80DE-5D1766E9E937}.Release|Any CPU.ActiveCfg = Release|Any CPU
		{3FDFCDEC-4F78-4D92-80DE-5D1766E9E937}.Release|Any CPU.Build.0 = Release|Any CPU
		{80B43836-8CBA-448D-AD01-E105B0302AF4}.Debug|Any CPU.ActiveCfg = Debug|Any CPU
		{80B43836-8CBA-448D-AD01-E105B0302AF4}.Debug|Any CPU.Build.0 = Debug|Any CPU
		{80B43836-8CBA-448D-AD01-E105B0302AF4}.Release|Any CPU.ActiveCfg = Release|Any CPU
		{80B43836-8CBA-448D-AD01-E105B0302AF4}.Release|Any CPU.Build.0 = Release|Any CPU
	EndGlobalSection
	GlobalSection(SolutionProperties) = preSolution
		HideSolutionNode = FALSE
	EndGlobalSection
EndGlobal
